
Microsoft Visual Studio Solution File, Format Version 12.00
Project("{FAE04EC0-301F-11D3-BF4B-00C04F79EFBC}") = "Shared", "Shared\Shared.csproj", "{E1C24800-D711-466B-91E7-47777683A2A1}"
EndProject
Project("{FAE04EC0-301F-11D3-BF4B-00C04F79EFBC}") = "WebAPI", "WebAPI\WebAPI.csproj", "{19A5E61D-F557-428E-AD14-8038A11296D2}"
EndProject
Project("{FAE04EC0-301F-11D3-BF4B-00C04F79EFBC}") = "Application", "Application\Application.csproj", "{D5C61AA8-948E-449F-9C80-F815085A40AC}"
EndProject
Project("{FAE04EC0-301F-11D3-BF4B-00C04F79EFBC}") = "FileData", "FileData\FileData.csproj", "{604A7106-D8FD-44DD-9336-3E74DA6771FC}"
EndProject
Global
	GlobalSection(SolutionConfigurationPlatforms) = preSolution
		Debug|Any CPU = Debug|Any CPU
		Release|Any CPU = Release|Any CPU
	EndGlobalSection
	GlobalSection(ProjectConfigurationPlatforms) = postSolution
		{E1C24800-D711-466B-91E7-47777683A2A1}.Debug|Any CPU.ActiveCfg = Debug|Any CPU
		{E1C24800-D711-466B-91E7-47777683A2A1}.Debug|Any CPU.Build.0 = Debug|Any CPU
		{E1C24800-D711-466B-91E7-47777683A2A1}.Release|Any CPU.ActiveCfg = Release|Any CPU
		{E1C24800-D711-466B-91E7-47777683A2A1}.Release|Any CPU.Build.0 = Release|Any CPU
		{19A5E61D-F557-428E-AD14-8038A11296D2}.Debug|Any CPU.ActiveCfg = Debug|Any CPU
		{19A5E61D-F557-428E-AD14-8038A11296D2}.Debug|Any CPU.Build.0 = Debug|Any CPU
		{19A5E61D-F557-428E-AD14-8038A11296D2}.Release|Any CPU.ActiveCfg = Release|Any CPU
		{19A5E61D-F557-428E-AD14-8038A11296D2}.Release|Any CPU.Build.0 = Release|Any CPU
		{D5C61AA8-948E-449F-9C80-F815085A40AC}.Debug|Any CPU.ActiveCfg = Debug|Any CPU
		{D5C61AA8-948E-449F-9C80-F815085A40AC}.Debug|Any CPU.Build.0 = Debug|Any CPU
		{D5C61AA8-948E-449F-9C80-F815085A40AC}.Release|Any CPU.ActiveCfg = Release|Any CPU
		{D5C61AA8-948E-449F-9C80-F815085A40AC}.Release|Any CPU.Build.0 = Release|Any CPU
		{604A7106-D8FD-44DD-9336-3E74DA6771FC}.Debug|Any CPU.ActiveCfg = Debug|Any CPU
		{604A7106-D8FD-44DD-9336-3E74DA6771FC}.Debug|Any CPU.Build.0 = Debug|Any CPU
		{604A7106-D8FD-44DD-9336-3E74DA6771FC}.Release|Any CPU.ActiveCfg = Release|Any CPU
		{604A7106-D8FD-44DD-9336-3E74DA6771FC}.Release|Any CPU.Build.0 = Release|Any CPU
	EndGlobalSection
EndGlobal
